
Microsoft Visual Studio Solution File, Format Version 12.00
# Visual Studio Version 17
VisualStudioVersion = 17.9.34701.34
MinimumVisualStudioVersion = 10.0.40219.1
Project("{9A19103F-16F7-4668-BE54-9A1E7A4F7556}") = "BankConfirmation_DTO", "BankConfirmation_DTO\BankConfirmation_DTO.csproj", "{593FB08D-57C5-41A1-8940-BB5C98B1B5E4}"
EndProject
Project("{9A19103F-16F7-4668-BE54-9A1E7A4F7556}") = "BankConfirmation_IF", "BankConfirmation_IF\BankConfirmation_IF.csproj", "{18DB485F-51BB-42FD-82B0-44F32BDF2F61}"
EndProject
Project("{9A19103F-16F7-4668-BE54-9A1E7A4F7556}") = "BankConfirmation_BLL", "BankConfirmation_BLL\BankConfirmation_BLL.csproj", "{52043C7E-7257-421D-B20D-E25BCEC39F20}"
EndProject
Project("{9A19103F-16F7-4668-BE54-9A1E7A4F7556}") = "BankConfirmation_REST", "BankConfirmation_REST\BankConfirmation_REST.csproj", "{A5C6C3E9-EBAA-4865-835C-7D24AFC54C33}"
EndProject
Project("{9A19103F-16F7-4668-BE54-9A1E7A4F7556}") = "BankConfirmation_UI_MVC", "BankConfirmation_UI_MVC\BankConfirmation_UI_MVC.csproj", "{795BB5C0-21EE-4F98-BC00-F754D9A95805}"
EndProject
Project("{9A19103F-16F7-4668-BE54-9A1E7A4F7556}") = "BankConfirmation_DAL", "BankConfirmation_DAL\BankConfirmation_DAL.csproj", "{4B76B864-CBC0-4870-B84C-886785A1B6DB}"
EndProject
Project("{9A19103F-16F7-4668-BE54-9A1E7A4F7556}") = "FileCreate", "FileCreate\FileCreate.csproj", "{C3F1CE48-A7E6-44CA-AC50-86756D54A1EB}"
EndProject
Project("{FAE04EC0-301F-11D3-BF4B-00C04F79EFBC}") = "BankConfirmation_UI_WF", "BankConfirmation_UI_WF\BankConfirmation_UI_WF.csproj", "{5C00B8CE-913E-408F-BD8B-0E9DCAF805EF}"
EndProject
Global
	GlobalSection(SolutionConfigurationPlatforms) = preSolution
		Debug|Any CPU = Debug|Any CPU
		Release|Any CPU = Release|Any CPU
	EndGlobalSection
	GlobalSection(ProjectConfigurationPlatforms) = postSolution
		{593FB08D-57C5-41A1-8940-BB5C98B1B5E4}.Debug|Any CPU.ActiveCfg = Debug|Any CPU
		{593FB08D-57C5-41A1-8940-BB5C98B1B5E4}.Debug|Any CPU.Build.0 = Debug|Any CPU
		{593FB08D-57C5-41A1-8940-BB5C98B1B5E4}.Release|Any CPU.ActiveCfg = Release|Any CPU
		{593FB08D-57C5-41A1-8940-BB5C98B1B5E4}.Release|Any CPU.Build.0 = Release|Any CPU
		{18DB485F-51BB-42FD-82B0-44F32BDF2F61}.Debug|Any CPU.ActiveCfg = Debug|Any CPU
		{18DB485F-51BB-42FD-82B0-44F32BDF2F61}.Debug|Any CPU.Build.0 = Debug|Any CPU
		{18DB485F-51BB-42FD-82B0-44F32BDF2F61}.Release|Any CPU.ActiveCfg = Release|Any CPU
		{18DB485F-51BB-42FD-82B0-44F32BDF2F61}.Release|Any CPU.Build.0 = Release|Any CPU
		{52043C7E-7257-421D-B20D-E25BCEC39F20}.Debug|Any CPU.ActiveCfg = Debug|Any CPU
		{52043C7E-7257-421D-B20D-E25BCEC39F20}.Debug|Any CPU.Build.0 = Debug|Any CPU
		{52043C7E-7257-421D-B20D-E25BCEC39F20}.Release|Any CPU.ActiveCfg = Release|Any CPU
		{52043C7E-7257-421D-B20D-E25BCEC39F20}.Release|Any CPU.Build.0 = Release|Any CPU
		{A5C6C3E9-EBAA-4865-835C-7D24AFC54C33}.Debug|Any CPU.ActiveCfg = Debug|Any CPU
		{A5C6C3E9-EBAA-4865-835C-7D24AFC54C33}.Debug|Any CPU.Build.0 = Debug|Any CPU
		{A5C6C3E9-EBAA-4865-835C-7D24AFC54C33}.Release|Any CPU.ActiveCfg = Release|Any CPU
		{A5C6C3E9-EBAA-4865-835C-7D24AFC54C33}.Release|Any CPU.Build.0 = Release|Any CPU
		{795BB5C0-21EE-4F98-BC00-F754D9A95805}.Debug|Any CPU.ActiveCfg = Debug|Any CPU
		{795BB5C0-21EE-4F98-BC00-F754D9A95805}.Debug|Any CPU.Build.0 = Debug|Any CPU
		{795BB5C0-21EE-4F98-BC00-F754D9A95805}.Release|Any CPU.ActiveCfg = Release|Any CPU
		{795BB5C0-21EE-4F98-BC00-F754D9A95805}.Release|Any CPU.Build.0 = Release|Any CPU
		{4B76B864-CBC0-4870-B84C-886785A1B6DB}.Debug|Any CPU.ActiveCfg = Debug|Any CPU
		{4B76B864-CBC0-4870-B84C-886785A1B6DB}.Debug|Any CPU.Build.0 = Debug|Any CPU
		{4B76B864-CBC0-4870-B84C-886785A1B6DB}.Release|Any CPU.ActiveCfg = Release|Any CPU
		{4B76B864-CBC0-4870-B84C-886785A1B6DB}.Release|Any CPU.Build.0 = Release|Any CPU
		{C3F1CE48-A7E6-44CA-AC50-86756D54A1EB}.Debug|Any CPU.ActiveCfg = Debug|Any CPU
		{C3F1CE48-A7E6-44CA-AC50-86756D54A1EB}.Debug|Any CPU.Build.0 = Debug|Any CPU
		{C3F1CE48-A7E6-44CA-AC50-86756D54A1EB}.Release|Any CPU.ActiveCfg = Release|Any CPU
		{C3F1CE48-A7E6-44CA-AC50-86756D54A1EB}.Release|Any CPU.Build.0 = Release|Any CPU
		{5C00B8CE-913E-408F-BD8B-0E9DCAF805EF}.Debug|Any CPU.ActiveCfg = Debug|Any CPU
		{5C00B8CE-913E-408F-BD8B-0E9DCAF805EF}.Debug|Any CPU.Build.0 = Debug|Any CPU
		{5C00B8CE-913E-408F-BD8B-0E9DCAF805EF}.Release|Any CPU.ActiveCfg = Release|Any CPU
		{5C00B8CE-913E-408F-BD8B-0E9DCAF805EF}.Release|Any CPU.Build.0 = Release|Any CPU
	EndGlobalSection
	GlobalSection(SolutionProperties) = preSolution
		HideSolutionNode = FALSE
	EndGlobalSection
	GlobalSection(ExtensibilityGlobals) = postSolution
		SolutionGuid = {9964860C-7BED-4C14-BC42-BFCC7A673C45}
	EndGlobalSection
EndGlobal
